{
  "name": "kube-dev-bench",
  "lockfileVersion": 3,
  "requires": true,
  "packages": {
    "": {
      "dependencies": {
        "@github/copilot-sdk": "^0.1.22"
      }
    },
    "node_modules/@github/copilot": {
      "version": "0.0.403",
      "resolved": "https://registry.npmjs.org/@github/copilot/-/copilot-0.0.403.tgz",
      "integrity": "sha512-v5jUdtGJReLmE1rmff/LZf+50nzmYQYAaSRNtVNr9g0j0GkCd/noQExe31i1+PudvWU0ZJjltR0B8pUfDRdA9Q==",
      "license": "SEE LICENSE IN LICENSE.md",
      "bin": {
        "copilot": "npm-loader.js"
      },
      "optionalDependencies": {
        "@github/copilot-darwin-arm64": "0.0.403",
        "@github/copilot-darwin-x64": "0.0.403",
        "@github/copilot-linux-arm64": "0.0.403",
        "@github/copilot-linux-x64": "0.0.403",
        "@github/copilot-win32-arm64": "0.0.403",
        "@github/copilot-win32-x64": "0.0.403"
      }
    },
    "node_modules/@github/copilot-darwin-arm64": {
      "version": "0.0.403",
      "resolved": "https://registry.npmjs.org/@github/copilot-darwin-arm64/-/copilot-darwin-arm64-0.0.403.tgz",
      "integrity": "sha512-dOw8IleA0d1soHnbr/6wc6vZiYWNTKMgfTe/NET1nCfMzyKDt/0F0I7PT5y+DLujJknTla/ZeEmmBUmliTW4Cg==",
      "cpu": [
        "arm64"
      ],
      "license": "SEE LICENSE IN LICENSE.md",
      "optional": true,
      "os": [
        "darwin"
      ],
      "bin": {
        "copilot-darwin-arm64": "copilot"
      }
    },
    "node_modules/@github/copilot-darwin-x64": {
      "version": "0.0.403",
      "resolved": "https://registry.npmjs.org/@github/copilot-darwin-x64/-/copilot-darwin-x64-0.0.403.tgz",
      "integrity": "sha512-aK2jSNWgY8eiZ+TmrvGhssMCPDTKArc0ip6Ul5OaslpytKks8hyXoRbxGD0N9sKioSUSbvKUf+1AqavbDpJO+w==",
      "cpu": [
        "x64"
      ],
      "license": "SEE LICENSE IN LICENSE.md",
      "optional": true,
      "os": [
        "darwin"
      ],
      "bin": {
        "copilot-darwin-x64": "copilot"
      }
    },
    "node_modules/@github/copilot-linux-arm64": {
      "version": "0.0.403",
      "resolved": "https://registry.npmjs.org/@github/copilot-linux-arm64/-/copilot-linux-arm64-0.0.403.tgz",
      "integrity": "sha512-KhoR2iR70O6vCkzf0h8/K+p82qAgOvMTgAPm9bVEHvbdGFR7Py9qL5v03bMbPxsA45oNaZAkzDhfTAqWhIAZsQ==",
      "cpu": [
        "arm64"
      ],
      "license": "SEE LICENSE IN LICENSE.md",
      "optional": true,
      "os": [
        "linux"
      ],
      "bin": {
        "copilot-linux-arm64": "copilot"
      }
    },
    "node_modules/@github/copilot-linux-x64": {
      "version": "0.0.403",
      "resolved": "https://registry.npmjs.org/@github/copilot-linux-x64/-/copilot-linux-x64-0.0.403.tgz",
      "integrity": "sha512-eoswUc9vo4TB+/9PgFJLVtzI4dPjkpJXdCsAioVuoqPdNxHxlIHFe9HaVcqMRZxUNY1YHEBZozy+IpUEGjgdfQ==",
      "cpu": [
        "x64"
      ],
      "license": "SEE LICENSE IN LICENSE.md",
      "optional": true,
      "os": [
        "linux"
      ],
      "bin": {
        "copilot-linux-x64": "copilot"
      }
    },
    "node_modules/@github/copilot-sdk": {
      "version": "0.1.22",
      "resolved": "https://registry.npmjs.org/@github/copilot-sdk/-/copilot-sdk-0.1.22.tgz",
      "integrity": "sha512-ZGOEBmYOfu/vLXKjjoiw4lO3Cb8QBUuAWXcW/qzmPPsM9+Qe00qVr2AuDTU/Gft9Dm/yZcPK2QuTZc7LVeom9w==",
      "license": "MIT",
      "dependencies": {
        "@github/copilot": "^0.0.403",
        "vscode-jsonrpc": "^8.2.1",
        "zod": "^4.3.6"
      },
      "engines": {
        "node": ">=18.0.0"
      }
    },
    "node_modules/@github/copilot-win32-arm64": {
      "version": "0.0.403",
      "resolved": "https://registry.npmjs.org/@github/copilot-win32-arm64/-/copilot-win32-arm64-0.0.403.tgz",
      "integrity": "sha512-djWjzCsp2xPNafMyOZ/ivU328/WvWhdroGie/DugiJBTgQL2SP0quWW1fhTlDwE81a3g9CxfJonaRgOpFTJTcg==",
      "cpu": [
        "arm64"
      ],
      "license": "SEE LICENSE IN LICENSE.md",
      "optional": true,
      "os": [
        "win32"
      ],
      "bin": {
        "copilot-win32-arm64": "copilot.exe"
      }
    },
    "node_modules/@github/copilot-win32-x64": {
      "version": "0.0.403",
      "resolved": "https://registry.npmjs.org/@github/copilot-win32-x64/-/copilot-win32-x64-0.0.403.tgz",
      "integrity": "sha512-lju8cHy2E6Ux7R7tWyLZeksYC2MVZu9i9ocjiBX/qfG2/pNJs7S5OlkwKJ0BSXSbZEHQYq7iHfEWp201bVfk9A==",
      "cpu": [
        "x64"
      ],
      "license": "SEE LICENSE IN LICENSE.md",
      "optional": true,
      "os": [
        "win32"
      ],
      "bin": {
        "copilot-win32-x64": "copilot.exe"
      }
    },
    "node_modules/vscode-jsonrpc": {
      "version": "8.2.1",
      "resolved": "https://registry.npmjs.org/vscode-jsonrpc/-/vscode-jsonrpc-8.2.1.tgz",
      "integrity": "sha512-kdjOSJ2lLIn7r1rtrMbbNCHjyMPfRnowdKjBQ+mGq6NAW5QY2bEZC/khaC5OR8svbbjvLEaIXkOq45e2X9BIbQ==",
      "license": "MIT",
      "engines": {
        "node": ">=14.0.0"
      }
    },
    "node_modules/zod": {
      "version": "4.3.6",
      "resolved": "https://registry.npmjs.org/zod/-/zod-4.3.6.tgz",
      "integrity": "sha512-rftlrkhHZOcjDwkGlnUtZZkvaPHCsDATp4pGpuOOMDaTdDDXF91wuVDJoWoPsKX/3YPQ5fHuF3STjcYyKr+Qhg==",
      "license": "MIT",
      "funding": {
        "url": "https://github.com/sponsors/colinhacks"
      }
    }
  }
}
